// !$*UTF8*$!
{
	archiveVersion = 1;
	classes = {
	};
	objectVersion = 46;
	objects = {

/* Begin PBXBuildFile section */
		81782CD718D5457D00EF3F44 /* Foundation.framework in Frameworks */ = {isa = PBXBuildFile; fileRef = 81782CD618D5457D00EF3F44 /* Foundation.framework */; };
		81782CD918D5457D00EF3F44 /* CoreGraphics.framework in Frameworks */ = {isa = PBXBuildFile; fileRef = 81782CD818D5457D00EF3F44 /* CoreGraphics.framework */; };
		81782CDB18D5457D00EF3F44 /* UIKit.framework in Frameworks */ = {isa = PBXBuildFile; fileRef = 81782CDA18D5457D00EF3F44 /* UIKit.framework */; };
		81782CE118D5457D00EF3F44 /* InfoPlist.strings in Resources */ = {isa = PBXBuildFile; fileRef = 81782CDF18D5457D00EF3F44 /* InfoPlist.strings */; };
		81782CE318D5457D00EF3F44 /* main.m in Sources */ = {isa = PBXBuildFile; fileRef = 81782CE218D5457D00EF3F44 /* main.m */; };
		81782CE718D5457D00EF3F44 /* CHOAppDelegate.m in Sources */ = {isa = PBXBuildFile; fileRef = 81782CE618D5457D00EF3F44 /* CHOAppDelegate.m */; };
		81782CEA18D5457D00EF3F44 /* Main.storyboard in Resources */ = {isa = PBXBuildFile; fileRef = 81782CE818D5457D00EF3F44 /* Main.storyboard */; };
		81782CED18D5457D00EF3F44 /* CHOViewController.m in Sources */ = {isa = PBXBuildFile; fileRef = 81782CEC18D5457D00EF3F44 /* CHOViewController.m */; };
		81782CEF18D5457D00EF3F44 /* Images.xcassets in Resources */ = {isa = PBXBuildFile; fileRef = 81782CEE18D5457D00EF3F44 /* Images.xcassets */; };
		81782CF618D5457D00EF3F44 /* XCTest.framework in Frameworks */ = {isa = PBXBuildFile; fileRef = 81782CF518D5457D00EF3F44 /* XCTest.framework */; };
		81782CF718D5457D00EF3F44 /* Foundation.framework in Frameworks */ = {isa = PBXBuildFile; fileRef = 81782CD618D5457D00EF3F44 /* Foundation.framework */; };
		81782CF818D5457D00EF3F44 /* UIKit.framework in Frameworks */ = {isa = PBXBuildFile; fileRef = 81782CDA18D5457D00EF3F44 /* UIKit.framework */; };
		81782D0018D5457E00EF3F44 /* InfoPlist.strings in Resources */ = {isa = PBXBuildFile; fileRef = 81782CFE18D5457E00EF3F44 /* InfoPlist.strings */; };
		81782D0218D5457E00EF3F44 /* UIColorIncrementsTests.m in Sources */ = {isa = PBXBuildFile; fileRef = 81782D0118D5457E00EF3F44 /* UIColorIncrementsTests.m */; };
		81782D1118D545AE00EF3F44 /* UIColor+Increments.m in Sources */ = {isa = PBXBuildFile; fileRef = 81782D1018D545AE00EF3F44 /* UIColor+Increments.m */; };
		81E69FDB18D548E500213533 /* README.md in Resources */ = {isa = PBXBuildFile; fileRef = 81E69FDA18D548E500213533 /* README.md */; };
		81E69FDD18D5601600213533 /* QuartzCore.framework in Frameworks */ = {isa = PBXBuildFile; fileRef = 81E69FDC18D5601600213533 /* QuartzCore.framework */; };
		81E69FE018D5730B00213533 /* UIView+Borders.m in Sources */ = {isa = PBXBuildFile; fileRef = 81E69FDF18D5730B00213533 /* UIView+Borders.m */; };
/* End PBXBuildFile section */

/* Begin PBXContainerItemProxy section */
		81782CF918D5457D00EF3F44 /* PBXContainerItemProxy */ = {
			isa = PBXContainerItemProxy;
			containerPortal = 81782CCB18D5457D00EF3F44 /* Project object */;
			proxyType = 1;
			remoteGlobalIDString = 81782CD218D5457D00EF3F44;
			remoteInfo = UIColorIncrements;
		};
/* End PBXContainerItemProxy section */

/* Begin PBXFileReference section */
		81782CD318D5457D00EF3F44 /* UIColorIncrements.app */ = {isa = PBXFileReference; explicitFileType = wrapper.application; includeInIndex = 0; path = UIColorIncrements.app; sourceTree = BUILT_PRODUCTS_DIR; };
		81782CD618D5457D00EF3F44 /* Foundation.framework */ = {isa = PBXFileReference; lastKnownFileType = wrapper.framework; name = Foundation.framework; path = System/Library/Frameworks/Foundation.framework; sourceTree = SDKROOT; };
		81782CD818D5457D00EF3F44 /* CoreGraphics.framework */ = {isa = PBXFileReference; lastKnownFileType = wrapper.framework; name = CoreGraphics.framework; path = System/Library/Frameworks/CoreGraphics.framework; sourceTree = SDKROOT; };
		81782CDA18D5457D00EF3F44 /* UIKit.framework */ = {isa = PBXFileReference; lastKnownFileType = wrapper.framework; name = UIKit.framework; path = System/Library/Frameworks/UIKit.framework; sourceTree = SDKROOT; };
		81782CDE18D5457D00EF3F44 /* UIColorIncrements-Info.plist */ = {isa = PBXFileReference; lastKnownFileType = text.plist.xml; path = "UIColorIncrements-Info.plist"; sourceTree = "<group>"; };
		81782CE018D5457D00EF3F44 /* en */ = {isa = PBXFileReference; lastKnownFileType = text.plist.strings; name = en; path = en.lproj/InfoPlist.strings; sourceTree = "<group>"; };
		81782CE218D5457D00EF3F44 /* main.m */ = {isa = PBXFileReference; lastKnownFileType = sourcecode.c.objc; path = main.m; sourceTree = "<group>"; };
		81782CE418D5457D00EF3F44 /* UIColorIncrements-Prefix.pch */ = {isa = PBXFileReference; lastKnownFileType = sourcecode.c.h; path = "UIColorIncrements-Prefix.pch"; sourceTree = "<group>"; };
		81782CE518D5457D00EF3F44 /* CHOAppDelegate.h */ = {isa = PBXFileReference; lastKnownFileType = sourcecode.c.h; path = CHOAppDelegate.h; sourceTree = "<group>"; };
		81782CE618D5457D00EF3F44 /* CHOAppDelegate.m */ = {isa = PBXFileReference; lastKnownFileType = sourcecode.c.objc; path = CHOAppDelegate.m; sourceTree = "<group>"; };
		81782CE918D5457D00EF3F44 /* Base */ = {isa = PBXFileReference; lastKnownFileType = file.storyboard; name = Base; path = Base.lproj/Main.storyboard; sourceTree = "<group>"; };
		81782CEB18D5457D00EF3F44 /* CHOViewController.h */ = {isa = PBXFileReference; lastKnownFileType = sourcecode.c.h; path = CHOViewController.h; sourceTree = "<group>"; };
		81782CEC18D5457D00EF3F44 /* CHOViewController.m */ = {isa = PBXFileReference; lastKnownFileType = sourcecode.c.objc; path = CHOViewController.m; sourceTree = "<group>"; };
		81782CEE18D5457D00EF3F44 /* Images.xcassets */ = {isa = PBXFileReference; lastKnownFileType = folder.assetcatalog; path = Images.xcassets; sourceTree = "<group>"; };
		81782CF418D5457D00EF3F44 /* UIColorIncrementsTests.xctest */ = {isa = PBXFileReference; explicitFileType = wrapper.cfbundle; includeInIndex = 0; path = UIColorIncrementsTests.xctest; sourceTree = BUILT_PRODUCTS_DIR; };
		81782CF518D5457D00EF3F44 /* XCTest.framework */ = {isa = PBXFileReference; lastKnownFileType = wrapper.framework; name = XCTest.framework; path = Library/Frameworks/XCTest.framework; sourceTree = DEVELOPER_DIR; };
		81782CFD18D5457E00EF3F44 /* UIColorIncrementsTests-Info.plist */ = {isa = PBXFileReference; lastKnownFileType = text.plist.xml; path = "UIColorIncrementsTests-Info.plist"; sourceTree = "<group>"; };
		81782CFF18D5457E00EF3F44 /* en */ = {isa = PBXFileReference; lastKnownFileType = text.plist.strings; name = en; path = en.lproj/InfoPlist.strings; sourceTree = "<group>"; };
		81782D0118D5457E00EF3F44 /* UIColorIncrementsTests.m */ = {isa = PBXFileReference; lastKnownFileType = sourcecode.c.objc; path = UIColorIncrementsTests.m; sourceTree = "<group>"; };
		81782D0F18D545AE00EF3F44 /* UIColor+Increments.h */ = {isa = PBXFileReference; fileEncoding = 4; lastKnownFileType = sourcecode.c.h; path = "UIColor+Increments.h"; sourceTree = "<group>"; };
		81782D1018D545AE00EF3F44 /* UIColor+Increments.m */ = {isa = PBXFileReference; fileEncoding = 4; lastKnownFileType = sourcecode.c.objc; path = "UIColor+Increments.m"; sourceTree = "<group>"; };
		81E69FDA18D548E500213533 /* README.md */ = {isa = PBXFileReference; fileEncoding = 4; lastKnownFileType = text; name = README.md; path = ../../README.md; sourceTree = "<group>"; };
		81E69FDC18D5601600213533 /* QuartzCore.framework */ = {isa = PBXFileReference; lastKnownFileType = wrapper.framework; name = QuartzCore.framework; path = System/Library/Frameworks/QuartzCore.framework; sourceTree = SDKROOT; };
		81E69FDE18D5730B00213533 /* UIView+Borders.h */ = {isa = PBXFileReference; fileEncoding = 4; lastKnownFileType = sourcecode.c.h; path = "UIView+Borders.h"; sourceTree = "<group>"; };
		81E69FDF18D5730B00213533 /* UIView+Borders.m */ = {isa = PBXFileReference; fileEncoding = 4; lastKnownFileType = sourcecode.c.objc; path = "UIView+Borders.m"; sourceTree = "<group>"; };
/* End PBXFileReference section */

/* Begin PBXFrameworksBuildPhase section */
		81782CD018D5457D00EF3F44 /* Frameworks */ = {
			isa = PBXFrameworksBuildPhase;
			buildActionMask = 2147483647;
			files = (
				81E69FDD18D5601600213533 /* QuartzCore.framework in Frameworks */,
				81782CD918D5457D00EF3F44 /* CoreGraphics.framework in Frameworks */,
				81782CDB18D5457D00EF3F44 /* UIKit.framework in Frameworks */,
				81782CD718D5457D00EF3F44 /* Foundation.framework in Frameworks */,
			);
			runOnlyForDeploymentPostprocessing = 0;
		};
		81782CF118D5457D00EF3F44 /* Frameworks */ = {
			isa = PBXFrameworksBuildPhase;
			buildActionMask = 2147483647;
			files = (
				81782CF618D5457D00EF3F44 /* XCTest.framework in Frameworks */,
				81782CF818D5457D00EF3F44 /* UIKit.framework in Frameworks */,
				81782CF718D5457D00EF3F44 /* Foundation.framework in Frameworks */,
			);
			runOnlyForDeploymentPostprocessing = 0;
		};
/* End PBXFrameworksBuildPhase section */

/* Begin PBXGroup section */
		81782CCA18D5457D00EF3F44 = {
			isa = PBXGroup;
			children = (
				81782CDC18D5457D00EF3F44 /* UIColorIncrements */,
				81782CFB18D5457D00EF3F44 /* UIColorIncrementsTests */,
				81782CD518D5457D00EF3F44 /* Frameworks */,
				81782CD418D5457D00EF3F44 /* Products */,
			);
			sourceTree = "<group>";
		};
		81782CD418D5457D00EF3F44 /* Products */ = {
			isa = PBXGroup;
			children = (
				81782CD318D5457D00EF3F44 /* UIColorIncrements.app */,
				81782CF418D5457D00EF3F44 /* UIColorIncrementsTests.xctest */,
			);
			name = Products;
			sourceTree = "<group>";
		};
		81782CD518D5457D00EF3F44 /* Frameworks */ = {
			isa = PBXGroup;
			children = (
				81E69FDC18D5601600213533 /* QuartzCore.framework */,
				81782CD618D5457D00EF3F44 /* Foundation.framework */,
				81782CD818D5457D00EF3F44 /* CoreGraphics.framework */,
				81782CDA18D5457D00EF3F44 /* UIKit.framework */,
				81782CF518D5457D00EF3F44 /* XCTest.framework */,
			);
			name = Frameworks;
			sourceTree = "<group>";
		};
		81782CDC18D5457D00EF3F44 /* UIColorIncrements */ = {
			isa = PBXGroup;
			children = (
				81782CE518D5457D00EF3F44 /* CHOAppDelegate.h */,
				81782CE618D5457D00EF3F44 /* CHOAppDelegate.m */,
				81782CE818D5457D00EF3F44 /* Main.storyboard */,
				81782CEB18D5457D00EF3F44 /* CHOViewController.h */,
				81782CEC18D5457D00EF3F44 /* CHOViewController.m */,
				81E69FDE18D5730B00213533 /* UIView+Borders.h */,
				81E69FDF18D5730B00213533 /* UIView+Borders.m */,
				81782D0E18D545AE00EF3F44 /* Categories */,
				81782CEE18D5457D00EF3F44 /* Images.xcassets */,
				81782CDD18D5457D00EF3F44 /* Supporting Files */,
			);
			path = UIColorIncrements;
			sourceTree = "<group>";
		};
		81782CDD18D5457D00EF3F44 /* Supporting Files */ = {
			isa = PBXGroup;
			children = (
				81E69FDA18D548E500213533 /* README.md */,
				81782CDE18D5457D00EF3F44 /* UIColorIncrements-Info.plist */,
				81782CDF18D5457D00EF3F44 /* InfoPlist.strings */,
				81782CE218D5457D00EF3F44 /* main.m */,
				81782CE418D5457D00EF3F44 /* UIColorIncrements-Prefix.pch */,
			);
			name = "Supporting Files";
			sourceTree = "<group>";
		};
		81782CFB18D5457D00EF3F44 /* UIColorIncrementsTests */ = {
			isa = PBXGroup;
			children = (
				81782D0118D5457E00EF3F44 /* UIColorIncrementsTests.m */,
				81782CFC18D5457E00EF3F44 /* Supporting Files */,
			);
			path = UIColorIncrementsTests;
			sourceTree = "<group>";
		};
		81782CFC18D5457E00EF3F44 /* Supporting Files */ = {
			isa = PBXGroup;
			children = (
				81782CFD18D5457E00EF3F44 /* UIColorIncrementsTests-Info.plist */,
				81782CFE18D5457E00EF3F44 /* InfoPlist.strings */,
			);
			name = "Supporting Files";
			sourceTree = "<group>";
		};
		81782D0E18D545AE00EF3F44 /* Categories */ = {
			isa = PBXGroup;
			children = (
				81782D0F18D545AE00EF3F44 /* UIColor+Increments.h */,
				81782D1018D545AE00EF3F44 /* UIColor+Increments.m */,
			);
			name = Categories;
			path = ../../Categories;
			sourceTree = "<group>";
		};
/* End PBXGroup section */

/* Begin PBXNativeTarget section */
		81782CD218D5457D00EF3F44 /* UIColorIncrements */ = {
			isa = PBXNativeTarget;
			buildConfigurationList = 81782D0518D5457E00EF3F44 /* Build configuration list for PBXNativeTarget "UIColorIncrements" */;
			buildPhases = (
				81782CCF18D5457D00EF3F44 /* Sources */,
				81782CD018D5457D00EF3F44 /* Frameworks */,
				81782CD118D5457D00EF3F44 /* Resources */,
			);
			buildRules = (
			);
			dependencies = (
			);
			name = UIColorIncrements;
			productName = UIColorIncrements;
			productReference = 81782CD318D5457D00EF3F44 /* UIColorIncrements.app */;
			productType = "com.apple.product-type.application";
		};
		81782CF318D5457D00EF3F44 /* UIColorIncrementsTests */ = {
			isa = PBXNativeTarget;
			buildConfigurationList = 81782D0818D5457E00EF3F44 /* Build configuration list for PBXNativeTarget "UIColorIncrementsTests" */;
			buildPhases = (
				81782CF018D5457D00EF3F44 /* Sources */,
				81782CF118D5457D00EF3F44 /* Frameworks */,
				81782CF218D5457D00EF3F44 /* Resources */,
			);
			buildRules = (
			);
			dependencies = (
				81782CFA18D5457D00EF3F44 /* PBXTargetDependency */,
			);
			name = UIColorIncrementsTests;
			productName = UIColorIncrementsTests;
			productReference = 81782CF418D5457D00EF3F44 /* UIColorIncrementsTests.xctest */;
			productType = "com.apple.product-type.bundle.unit-test";
		};
/* End PBXNativeTarget section */

/* Begin PBXProject section */
		81782CCB18D5457D00EF3F44 /* Project object */ = {
			isa = PBXProject;
			attributes = {
				CLASSPREFIX = CHO;
				LastUpgradeCheck = 0510;
				ORGANIZATIONNAME = "Colin Jackson";
				TargetAttributes = {
					81782CF318D5457D00EF3F44 = {
						TestTargetID = 81782CD218D5457D00EF3F44;
					};
				};
			};
			buildConfigurationList = 81782CCE18D5457D00EF3F44 /* Build configuration list for PBXProject "UIColorIncrements" */;
			compatibilityVersion = "Xcode 3.2";
			developmentRegion = English;
			hasScannedForEncodings = 0;
			knownRegions = (
				en,
				Base,
			);
			mainGroup = 81782CCA18D5457D00EF3F44;
			productRefGroup = 81782CD418D5457D00EF3F44 /* Products */;
			projectDirPath = "";
			projectRoot = "";
			targets = (
				81782CD218D5457D00EF3F44 /* UIColorIncrements */,
				81782CF318D5457D00EF3F44 /* UIColorIncrementsTests */,
			);
		};
/* End PBXProject section */

/* Begin PBXResourcesBuildPhase section */
		81782CD118D5457D00EF3F44 /* Resources */ = {
			isa = PBXResourcesBuildPhase;
			buildActionMask = 2147483647;
			files = (
				81782CEF18D5457D00EF3F44 /* Images.xcassets in Resources */,
				81782CE118D5457D00EF3F44 /* InfoPlist.strings in Resources */,
				81E69FDB18D548E500213533 /* README.md in Resources */,
				81782CEA18D5457D00EF3F44 /* Main.storyboard in Resources */,
			);
			runOnlyForDeploymentPostprocessing = 0;
		};
		81782CF218D5457D00EF3F44 /* Resources */ = {
			isa = PBXResourcesBuildPhase;
			buildActionMask = 2147483647;
			files = (
				81782D0018D5457E00EF3F44 /* InfoPlist.strings in Resources */,
			);
			runOnlyForDeploymentPostprocessing = 0;
		};
/* End PBXResourcesBuildPhase section */

/* Begin PBXSourcesBuildPhase section */
		81782CCF18D5457D00EF3F44 /* Sources */ = {
			isa = PBXSourcesBuildPhase;
			buildActionMask = 2147483647;
			files = (
				81782CED18D5457D00EF3F44 /* CHOViewController.m in Sources */,
				81782CE318D5457D00EF3F44 /* main.m in Sources */,
				81782CE718D5457D00EF3F44 /* CHOAppDelegate.m in Sources */,
				81782D1118D545AE00EF3F44 /* UIColor+Increments.m in Sources */,
				81E69FE018D5730B00213533 /* UIView+Borders.m in Sources */,
			);
			runOnlyForDeploymentPostprocessing = 0;
		};
		81782CF018D5457D00EF3F44 /* Sources */ = {
			isa = PBXSourcesBuildPhase;
			buildActionMask = 2147483647;
			files = (
				81782D0218D5457E00EF3F44 /* UIColorIncrementsTests.m in Sources */,
			);
			runOnlyForDeploymentPostprocessing = 0;
		};
/* End PBXSourcesBuildPhase section */

/* Begin PBXTargetDependency section */
		81782CFA18D5457D00EF3F44 /* PBXTargetDependency */ = {
			isa = PBXTargetDependency;
			target = 81782CD218D5457D00EF3F44 /* UIColorIncrements */;
			targetProxy = 81782CF918D5457D00EF3F44 /* PBXContainerItemProxy */;
		};
/* End PBXTargetDependency section */

/* Begin PBXVariantGroup section */
		81782CDF18D5457D00EF3F44 /* InfoPlist.strings */ = {
			isa = PBXVariantGroup;
			children = (
				81782CE018D5457D00EF3F44 /* en */,
			);
			name = InfoPlist.strings;
			sourceTree = "<group>";
		};
		81782CE818D5457D00EF3F44 /* Main.storyboard */ = {
			isa = PBXVariantGroup;
			children = (
				81782CE918D5457D00EF3F44 /* Base */,
			);
			name = Main.storyboard;
			sourceTree = "<group>";
		};
		81782CFE18D5457E00EF3F44 /* InfoPlist.strings */ = {
			isa = PBXVariantGroup;
			children = (
				81782CFF18D5457E00EF3F44 /* en */,
			);
			name = InfoPlist.strings;
			sourceTree = "<group>";
		};
/* End PBXVariantGroup section */

/* Begin XCBuildConfiguration section */
		81782D0318D5457E00EF3F44 /* Debug */ = {
			isa = XCBuildConfiguration;
			buildSettings = {
				ALWAYS_SEARCH_USER_PATHS = NO;
				CLANG_CXX_LANGUAGE_STANDARD = "gnu++0x";
				CLANG_CXX_LIBRARY = "libc++";
				CLANG_ENABLE_MODULES = YES;
				CLANG_ENABLE_OBJC_ARC = YES;
				CLANG_WARN_BOOL_CONVERSION = YES;
				CLANG_WARN_CONSTANT_CONVERSION = YES;
				CLANG_WARN_DIRECT_OBJC_ISA_USAGE = YES_ERROR;
				CLANG_WARN_EMPTY_BODY = YES;
				CLANG_WARN_ENUM_CONVERSION = YES;
				CLANG_WARN_INT_CONVERSION = YES;
				CLANG_WARN_OBJC_ROOT_CLASS = YES_ERROR;
				CLANG_WARN__DUPLICATE_METHOD_MATCH = YES;
				"CODE_SIGN_IDENTITY[sdk=iphoneos*]" = "iPhone Developer";
				COPY_PHASE_STRIP = NO;
				GCC_C_LANGUAGE_STANDARD = gnu99;
				GCC_DYNAMIC_NO_PIC = NO;
				GCC_OPTIMIZATION_LEVEL = 0;
				GCC_PREPROCESSOR_DEFINITIONS = (
					"DEBUG=1",
					"$(inherited)",
				);
				GCC_SYMBOLS_PRIVATE_EXTERN = NO;
				GCC_WARN_64_TO_32_BIT_CONVERSION = YES;
				GCC_WARN_ABOUT_RETURN_TYPE = YES_ERROR;
				GCC_WARN_UNDECLARED_SELECTOR = YES;
				GCC_WARN_UNINITIALIZED_AUTOS = YES_AGGRESSIVE;
				GCC_WARN_UNUSED_FUNCTION = YES;
				GCC_WARN_UNUSED_VARIABLE = YES;
				IPHONEOS_DEPLOYMENT_TARGET = 7.1;
				ONLY_ACTIVE_ARCH = YES;
				SDKROOT = iphoneos;
			};
			name = Debug;
		};
		81782D0418D5457E00EF3F44 /* Release */ = {
			isa = XCBuildConfiguration;
			buildSettings = {
				ALWAYS_SEARCH_USER_PATHS = NO;
				CLANG_CXX_LANGUAGE_STANDARD = "gnu++0x";
				CLANG_CXX_LIBRARY = "libc++";
				CLANG_ENABLE_MODULES = YES;
				CLANG_ENABLE_OBJC_ARC = YES;
				CLANG_WARN_BOOL_CONVERSION = YES;
				CLANG_WARN_CONSTANT_CONVERSION = YES;
				CLANG_WARN_DIRECT_OBJC_ISA_USAGE = YES_ERROR;
				CLANG_WARN_EMPTY_BODY = YES;
				CLANG_WARN_ENUM_CONVERSION = YES;
				CLANG_WARN_INT_CONVERSION = YES;
				CLANG_WARN_OBJC_ROOT_CLASS = YES_ERROR;
				CLANG_WARN__DUPLICATE_METHOD_MATCH = YES;
				"CODE_SIGN_IDENTITY[sdk=iphoneos*]" = "iPhone Developer";
				COPY_PHASE_STRIP = YES;
				ENABLE_NS_ASSERTIONS = NO;
				GCC_C_LANGUAGE_STANDARD = gnu99;
				GCC_WARN_64_TO_32_BIT_CONVERSION = YES;
				GCC_WARN_ABOUT_RETURN_TYPE = YES_ERROR;
				GCC_WARN_UNDECLARED_SELECTOR = YES;
				GCC_WARN_UNINITIALIZED_AUTOS = YES_AGGRESSIVE;
				GCC_WARN_UNUSED_FUNCTION = YES;
				GCC_WARN_UNUSED_VARIABLE = YES;
				IPHONEOS_DEPLOYMENT_TARGET = 7.1;
				SDKROOT = iphoneos;
				VALIDATE_PRODUCT = YES;
			};
			name = Release;
		};
		81782D0618D5457E00EF3F44 /* Debug */ = {
			isa = XCBuildConfiguration;
			buildSettings = {
				ASSETCATALOG_COMPILER_APPICON_NAME = AppIcon;
				ASSETCATALOG_COMPILER_LAUNCHIMAGE_NAME = LaunchImage;
				GCC_PRECOMPILE_PREFIX_HEADER = YES;
				GCC_PREFIX_HEADER = "UIColorIncrements/UIColorIncrements-Prefix.pch";
				INFOPLIST_FILE = "UIColorIncrements/UIColorIncrements-Info.plist";
				PRODUCT_NAME = "$(TARGET_NAME)";
				WRAPPER_EXTENSION = app;
			};
			name = Debug;
		};
		81782D0718D5457E00EF3F44 /* Release */ = {
			isa = XCBuildConfiguration;
			buildSettings = {
				ASSETCATALOG_COMPILER_APPICON_NAME = AppIcon;
				ASSETCATALOG_COMPILER_LAUNCHIMAGE_NAME = LaunchImage;
				GCC_PRECOMPILE_PREFIX_HEADER = YES;
				GCC_PREFIX_HEADER = "UIColorIncrements/UIColorIncrements-Prefix.pch";
				INFOPLIST_FILE = "UIColorIncrements/UIColorIncrements-Info.plist";
				PRODUCT_NAME = "$(TARGET_NAME)";
				WRAPPER_EXTENSION = app;
			};
			name = Release;
		};
		81782D0918D5457E00EF3F44 /* Debug */ = {
			isa = XCBuildConfiguration;
			buildSettings = {
				BUNDLE_LOADER = "$(BUILT_PRODUCTS_DIR)/UIColorIncrements.app/UIColorIncrements";
				FRAMEWORK_SEARCH_PATHS = (
					"$(SDKROOT)/Developer/Library/Frameworks",
					"$(inherited)",
					"$(DEVELOPER_FRAMEWORKS_DIR)",
				);
				GCC_PRECOMPILE_PREFIX_HEADER = YES;
				GCC_PREFIX_HEADER = "UIColorIncrements/UIColorIncrements-Prefix.pch";
				GCC_PREPROCESSOR_DEFINITIONS = (
					"DEBUG=1",
					"$(inherited)",
				);
				INFOPLIST_FILE = "UIColorIncrementsTests/UIColorIncrementsTests-Info.plist";
				PRODUCT_NAME = "$(TARGET_NAME)";
				TEST_HOST = "$(BUNDLE_LOADER)";
				WRAPPER_EXTENSION = xctest;
			};
			name = Debug;
		};
		81782D0A18D5457E00EF3F44 /* Release */ = {
			isa = XCBuildConfiguration;
			buildSettings = {
				BUNDLE_LOADER = "$(BUILT_PRODUCTS_DIR)/UIColorIncrements.app/UIColorIncrements";
				FRAMEWORK_SEARCH_PATHS = (
					"$(SDKROOT)/Developer/Library/Frameworks",
					"$(inherited)",
					"$(DEVELOPER_FRAMEWORKS_DIR)",
				);
				GCC_PRECOMPILE_PREFIX_HEADER = YES;
				GCC_PREFIX_HEADER = "UIColorIncrements/UIColorIncrements-Prefix.pch";
				INFOPLIST_FILE = "UIColorIncrementsTests/UIColorIncrementsTests-Info.plist";
				PRODUCT_NAME = "$(TARGET_NAME)";
				TEST_HOST = "$(BUNDLE_LOADER)";
				WRAPPER_EXTENSION = xctest;
			};
			name = Release;
		};
/* End XCBuildConfiguration section */

/* Begin XCConfigurationList section */
		81782CCE18D5457D00EF3F44 /* Build configuration list for PBXProject "UIColorIncrements" */ = {
			isa = XCConfigurationList;
			buildConfigurations = (
				81782D0318D5457E00EF3F44 /* Debug */,
				81782D0418D5457E00EF3F44 /* Release */,
			);
			defaultConfigurationIsVisible = 0;
			defaultConfigurationName = Release;
		};
		81782D0518D5457E00EF3F44 /* Build configuration list for PBXNativeTarget "UIColorIncrements" */ = {
			isa = XCConfigurationList;
			buildConfigurations = (
				81782D0618D5457E00EF3F44 /* Debug */,
				81782D0718D5457E00EF3F44 /* Release */,
			);
			defaultConfigurationIsVisible = 0;
			defaultConfigurationName = Release;
		};
		81782D0818D5457E00EF3F44 /* Build configuration list for PBXNativeTarget "UIColorIncrementsTests" */ = {
			isa = XCConfigurationList;
			buildConfigurations = (
				81782D0918D5457E00EF3F44 /* Debug */,
				81782D0A18D5457E00EF3F44 /* Release */,
			);
			defaultConfigurationIsVisible = 0;
			defaultConfigurationName = Release;
		};
/* End XCConfigurationList section */
	};
	rootObject = 81782CCB18D5457D00EF3F44 /* Project object */;
}
